{
  "name": "frontend",
  "version": "1.0.0",
  "lockfileVersion": 1,
  "requires": true,
  "dependencies": {
    "@carrotsearch/foamtree": {
      "version": "3.5.0",
      "resolved": "https://registry.npmjs.org/@carrotsearch/foamtree/-/foamtree-3.5.0.tgz",
      "integrity": "sha512-cDql5T3eS4Y5jzrDj25QNpU0pHgLFJ96MaoMAkJX8ceL2yat4u7EbIuqLoTbQLiTy1KxDRFbxHIKLzTUT64Duw=="
    }
  }
}
